
Microsoft Visual Studio Solution File, Format Version 12.00
# Visual Studio 15
VisualStudioVersion = 15.0.27703.2035
MinimumVisualStudioVersion = 10.0.40219.1
Project("{888888A0-9F3D-457C-B088-3A5042F75D52}") = "WebsiteCrawler", "WebsiteCrawler\WebsiteCrawler.pyproj", "{B970029C-6340-455A-8E71-379A7B930B99}"
EndProject
Global
	GlobalSection(SolutionConfigurationPlatforms) = preSolution
		Debug|Any CPU = Debug|Any CPU
		Release|Any CPU = Release|Any CPU
	EndGlobalSection
	GlobalSection(ProjectConfigurationPlatforms) = postSolution
		{B970029C-6340-455A-8E71-379A7B930B99}.Debug|Any CPU.ActiveCfg = Debug|Any CPU
		{B970029C-6340-455A-8E71-379A7B930B99}.Release|Any CPU.ActiveCfg = Release|Any CPU
	EndGlobalSection
	GlobalSection(SolutionProperties) = preSolution
		HideSolutionNode = FALSE
	EndGlobalSection
	GlobalSection(ExtensibilityGlobals) = postSolution
		SolutionGuid = {4B2E37BF-BD0E-46A8-9687-F8D70A2262F6}
	EndGlobalSection
EndGlobal
